NeoBundleLock AnsiEsc.vim d2bb7878622e4c16203acf1c92a0f4bc7ac58003
NeoBundleLock ctrlp.vim 6037820668601e9a66a3c3725aebd60a84979668
NeoBundleLock neobundle.vim 26d03781886ed887e390d4ad8b935987754b1c2c
NeoBundleLock neosnippet-snippets e5946e9ec4c68965dbabfaaf2584b1c057738afd
NeoBundleLock neosnippet.vim f7755084699db69ce9ff51c87baf8e639b7e543a
NeoBundleLock nerdtree d6032c876c6d6932ab7f07e262a16c9a85a31d5b
NeoBundleLock tcomment_vim 2c1c1a6a685e006565c9b0db85df8bda71caaa30
NeoBundleLock unite.vim c175ba7df239a5971e4c189ecbc9486b160fbde2
NeoBundleLock vim-colorschemes eab315701f4627967fd62582eefc4e37a3745786
NeoBundleLock vim-fugitive 8fa5cad8d7502be2f3438d02f353ab62264d358e
NeoBundleLock vim-indent-guides 54d889a63716ee2f1818aa2ec5082db47147147b
NeoBundleLock vimshell 3787e52766812d8b99a93ccdda57517bc2a0bab6
