NeoBundleLock AnsiEsc.vim d2bb7878622e4c16203acf1c92a0f4bc7ac58003
NeoBundleLock ctrlp.vim 6037820668601e9a66a3c3725aebd60a84979668
NeoBundleLock indentLine 4e4964d148f552bdec8c4271ed94d77eaa6c7543
NeoBundleLock neobundle.vim 26d03781886ed887e390d4ad8b935987754b1c2c
NeoBundleLock neomru.vim 97540f54fa20b94daf306f0c1f3cce983bbf7a1d
NeoBundleLock neosnippet-snippets e5946e9ec4c68965dbabfaaf2584b1c057738afd
NeoBundleLock neosnippet.vim 978ef36165e83ba1f8ee0a2047b6c923f7842d33
NeoBundleLock nerdtree d6032c876c6d6932ab7f07e262a16c9a85a31d5b
NeoBundleLock tcomment_vim 2c1c1a6a685e006565c9b0db85df8bda71caaa30
NeoBundleLock unite.vim c175ba7df239a5971e4c189ecbc9486b160fbde2
NeoBundleLock vim-colorschemes eab315701f4627967fd62582eefc4e37a3745786
NeoBundleLock vim-endwise 1f76f7a1aebac3510c0f6c7f28be5572ea56d19c
NeoBundleLock vim-fugitive 8fa5cad8d7502be2f3438d02f353ab62264d358e
NeoBundleLock vim-rails d612d07f6abf65135332f957b59b2a9ea249de3f
NeoBundleLock vimshell 3787e52766812d8b99a93ccdda57517bc2a0bab6
